{
  "name": "react-essential-training-5949338",
  "lockfileVersion": 3,
  "requires": true,
  "packages": {
    "": {
      "dependencies": {
        "react": "19.0.0-rc.1",
        "react-dom": "19.0.0-rc.1"
      }
    },
    "node_modules/react": {
      "version": "19.0.0-rc.1",
      "resolved": "https://registry.npmjs.org/react/-/react-19.0.0-rc.1.tgz",
      "integrity": "sha512-NZKln+uyPuyHchzP07I6GGYFxdAoaKhehgpCa3ltJGzwE31OYumLeshGaitA1R/fS5d9D2qpZVwTFAr6zCLM9w==",
      "license": "MIT",
      "engines": {
        "node": ">=0.10.0"
      }
    },
    "node_modules/react-dom": {
      "version": "19.0.0-rc.1",
      "resolved": "https://registry.npmjs.org/react-dom/-/react-dom-19.0.0-rc.1.tgz",
      "integrity": "sha512-k8MfDX+4G+eaa1cXXI9QF4d+pQtYol3nx8vauqRWUEOPqC7NQn2qmEqUsLoSd28rrZUL+R3T2VC+kZ2Hyx1geQ==",
      "license": "MIT",
      "dependencies": {
        "scheduler": "0.25.0-rc.1"
      },
      "peerDependencies": {
        "react": "19.0.0-rc.1"
      }
    },
    "node_modules/scheduler": {
      "version": "0.25.0-rc.1",
      "resolved": "https://registry.npmjs.org/scheduler/-/scheduler-0.25.0-rc.1.tgz",
      "integrity": "sha512-fVinv2lXqYpKConAMdergOl5owd0rY1O4P/QTe0aWKCqGtu7VsCt1iqQFxSJtqK4Lci/upVSBpGwVC7eWcuS9Q==",
      "license": "MIT"
    }
  }
}
